// !$*UTF8*$!
{
	archiveVersion = 1;
	classes = {
	};
	objectVersion = 55;
	objects = {

/* Begin PBXBuildFile section */
		52155AC82935DDB9001FE70E /* ChatView.swift in Sources */ = {isa = PBXBuildFile; fileRef = 52155AC72935DDB9001FE70E /* ChatView.swift */; };
		52155ACA293601D8001FE70E /* ChatData.swift in Sources */ = {isa = PBXBuildFile; fileRef = 52155AC9293601D8001FE70E /* ChatData.swift */; };
		522B65ED2935C51000AB8367 /* MainTabBar.swift in Sources */ = {isa = PBXBuildFile; fileRef = 522B65EC2935C51000AB8367 /* MainTabBar.swift */; };
		522B65F42935C6F500AB8367 /* CallsPage.swift in Sources */ = {isa = PBXBuildFile; fileRef = 522B65F32935C6F500AB8367 /* CallsPage.swift */; };
		522B65F62935C71300AB8367 /* StatusPage.swift in Sources */ = {isa = PBXBuildFile; fileRef = 522B65F52935C71300AB8367 /* StatusPage.swift */; };
		522B65FB2935C99400AB8367 /* ModelForStatusPage.swift in Sources */ = {isa = PBXBuildFile; fileRef = 522B65FA2935C99400AB8367 /* ModelForStatusPage.swift */; };
		522D7A4A2934E1A70059668A /* ModelForProfilePage.swift in Sources */ = {isa = PBXBuildFile; fileRef = 522D7A492934E1A70059668A /* ModelForProfilePage.swift */; };
		526FF2F62934C8F700A193BD /* MessagesPage.swift in Sources */ = {isa = PBXBuildFile; fileRef = 526FF2F52934C8F700A193BD /* MessagesPage.swift */; };
		526FF2F92934CA0A00A193BD /* MessagesCell.swift in Sources */ = {isa = PBXBuildFile; fileRef = 526FF2F82934CA0A00A193BD /* MessagesCell.swift */; };
		526FF2FE2934CC3F00A193BD /* ModelForMessages.swift in Sources */ = {isa = PBXBuildFile; fileRef = 526FF2FD2934CC3F00A193BD /* ModelForMessages.swift */; };
		526FF3042934D56000A193BD /* SettingsPage.swift in Sources */ = {isa = PBXBuildFile; fileRef = 526FF3032934D56000A193BD /* SettingsPage.swift */; };
		526FF3062934D57000A193BD /* SettingPageRow.swift in Sources */ = {isa = PBXBuildFile; fileRef = 526FF3052934D57000A193BD /* SettingPageRow.swift */; };
		526FF3082934D5E200A193BD /* ModelForSettingsPage.swift in Sources */ = {isa = PBXBuildFile; fileRef = 526FF3072934D5E200A193BD /* ModelForSettingsPage.swift */; };
		526FF30B2934DBC800A193BD /* ProfilePage.swift in Sources */ = {isa = PBXBuildFile; fileRef = 526FF30A2934DBC800A193BD /* ProfilePage.swift */; };
		527C5AF5293639CE00C2DEA3 /* TopBarView.swift in Sources */ = {isa = PBXBuildFile; fileRef = 527C5AF4293639CE00C2DEA3 /* TopBarView.swift */; };
		527C5AF829363C9600C2DEA3 /* DataModelForCallsPage.swift in Sources */ = {isa = PBXBuildFile; fileRef = 527C5AF729363C9600C2DEA3 /* DataModelForCallsPage.swift */; };
		527C5AFA2936415F00C2DEA3 /* CustomHeaderView.swift in Sources */ = {isa = PBXBuildFile; fileRef = 527C5AF92936415F00C2DEA3 /* CustomHeaderView.swift */; };
		52E715ED293482A500B856E0 /* PlatoIOSApp.swift in Sources */ = {isa = PBXBuildFile; fileRef = 52E715EC293482A500B856E0 /* PlatoIOSApp.swift */; };
		52E715EF293482A500B856E0 /* ContentView.swift in Sources */ = {isa = PBXBuildFile; fileRef = 52E715EE293482A500B856E0 /* ContentView.swift */; };
		52E715F1293482A700B856E0 /* Assets.xcassets in Resources */ = {isa = PBXBuildFile; fileRef = 52E715F0293482A700B856E0 /* Assets.xcassets */; };
		52E715F4293482A700B856E0 /* Preview Assets.xcassets in Resources */ = {isa = PBXBuildFile; fileRef = 52E715F3293482A700B856E0 /* Preview Assets.xcassets */; };
		52E715FF2934833C00B856E0 /* Poppins-Regular.ttf in Resources */ = {isa = PBXBuildFile; fileRef = 52E715FB2934833C00B856E0 /* Poppins-Regular.ttf */; };
		52E716002934833C00B856E0 /* Poppins-Bold.ttf in Resources */ = {isa = PBXBuildFile; fileRef = 52E715FC2934833C00B856E0 /* Poppins-Bold.ttf */; };
		52E716012934833C00B856E0 /* Poppins-Medium.ttf in Resources */ = {isa = PBXBuildFile; fileRef = 52E715FD2934833C00B856E0 /* Poppins-Medium.ttf */; };
		52E716022934833C00B856E0 /* Poppins-SemiBold.ttf in Resources */ = {isa = PBXBuildFile; fileRef = 52E715FE2934833C00B856E0 /* Poppins-SemiBold.ttf */; };
		52E716062934845300B856E0 /* Constants.swift in Sources */ = {isa = PBXBuildFile; fileRef = 52E716052934845300B856E0 /* Constants.swift */; };
		52E716082934863100B856E0 /* Monoton-Regular.ttf in Resources */ = {isa = PBXBuildFile; fileRef = 52E716072934863100B856E0 /* Monoton-Regular.ttf */; };
		52E7160D293487A400B856E0 /* Colors.swift in Sources */ = {isa = PBXBuildFile; fileRef = 52E7160C293487A400B856E0 /* Colors.swift */; };
		52E716112934891700B856E0 /* IntroductoryPage.swift in Sources */ = {isa = PBXBuildFile; fileRef = 52E716102934891700B856E0 /* IntroductoryPage.swift */; };
		52E71616293491FD00B856E0 /* ModelForIntroductoryPage.swift in Sources */ = {isa = PBXBuildFile; fileRef = 52E71615293491FD00B856E0 /* ModelForIntroductoryPage.swift */; };
		52E716202934979F00B856E0 /* EnterPhoneNumberPage.swift in Sources */ = {isa = PBXBuildFile; fileRef = 52E7161F2934979F00B856E0 /* EnterPhoneNumberPage.swift */; };
		52E716252934ABE000B856E0 /* OTPVerificationPage.swift in Sources */ = {isa = PBXBuildFile; fileRef = 52E716242934ABE000B856E0 /* OTPVerificationPage.swift */; };
		52E7162B2934B48D00B856E0 /* AddCoverImagePage.swift in Sources */ = {isa = PBXBuildFile; fileRef = 52E7162A2934B48D00B856E0 /* AddCoverImagePage.swift */; };
		52FF74A02937188A001748E4 /* Extensions.swift in Sources */ = {isa = PBXBuildFile; fileRef = 52FF749F2937188A001748E4 /* Extensions.swift */; };
/* End PBXBuildFile section */

/* Begin PBXFileReference section */
		52155AC72935DDB9001FE70E /* ChatView.swift */ = {isa = PBXFileReference; lastKnownFileType = sourcecode.swift; path = ChatView.swift; sourceTree = "<group>"; };
		52155AC9293601D8001FE70E /* ChatData.swift */ = {isa = PBXFileReference; lastKnownFileType = sourcecode.swift; path = ChatData.swift; sourceTree = "<group>"; };
		522B65EC2935C51000AB8367 /* MainTabBar.swift */ = {isa = PBXFileReference; lastKnownFileType = sourcecode.swift; path = MainTabBar.swift; sourceTree = "<group>"; };
		522B65F32935C6F500AB8367 /* CallsPage.swift */ = {isa = PBXFileReference; lastKnownFileType = sourcecode.swift; path = CallsPage.swift; sourceTree = "<group>"; };
		522B65F52935C71300AB8367 /* StatusPage.swift */ = {isa = PBXFileReference; lastKnownFileType = sourcecode.swift; path = StatusPage.swift; sourceTree = "<group>"; };
		522B65FA2935C99400AB8367 /* ModelForStatusPage.swift */ = {isa = PBXFileReference; lastKnownFileType = sourcecode.swift; path = ModelForStatusPage.swift; sourceTree = "<group>"; };
		522D7A492934E1A70059668A /* ModelForProfilePage.swift */ = {isa = PBXFileReference; lastKnownFileType = sourcecode.swift; path = ModelForProfilePage.swift; sourceTree = "<group>"; };
		526FF2F52934C8F700A193BD /* MessagesPage.swift */ = {isa = PBXFileReference; lastKnownFileType = sourcecode.swift; path = MessagesPage.swift; sourceTree = "<group>"; };
		526FF2F82934CA0A00A193BD /* MessagesCell.swift */ = {isa = PBXFileReference; lastKnownFileType = sourcecode.swift; path = MessagesCell.swift; sourceTree = "<group>"; };
		526FF2FD2934CC3F00A193BD /* ModelForMessages.swift */ = {isa = PBXFileReference; lastKnownFileType = sourcecode.swift; path = ModelForMessages.swift; sourceTree = "<group>"; };
		526FF3032934D56000A193BD /* SettingsPage.swift */ = {isa = PBXFileReference; lastKnownFileType = sourcecode.swift; path = SettingsPage.swift; sourceTree = "<group>"; };
		526FF3052934D57000A193BD /* SettingPageRow.swift */ = {isa = PBXFileReference; lastKnownFileType = sourcecode.swift; path = SettingPageRow.swift; sourceTree = "<group>"; };
		526FF3072934D5E200A193BD /* ModelForSettingsPage.swift */ = {isa = PBXFileReference; lastKnownFileType = sourcecode.swift; path = ModelForSettingsPage.swift; sourceTree = "<group>"; };
		526FF30A2934DBC800A193BD /* ProfilePage.swift */ = {isa = PBXFileReference; lastKnownFileType = sourcecode.swift; path = ProfilePage.swift; sourceTree = "<group>"; };
		527C5AF4293639CE00C2DEA3 /* TopBarView.swift */ = {isa = PBXFileReference; lastKnownFileType = sourcecode.swift; path = TopBarView.swift; sourceTree = "<group>"; };
		527C5AF729363C9600C2DEA3 /* DataModelForCallsPage.swift */ = {isa = PBXFileReference; lastKnownFileType = sourcecode.swift; path = DataModelForCallsPage.swift; sourceTree = "<group>"; };
		527C5AF92936415F00C2DEA3 /* CustomHeaderView.swift */ = {isa = PBXFileReference; lastKnownFileType = sourcecode.swift; path = CustomHeaderView.swift; sourceTree = "<group>"; };
		52E715E9293482A500B856E0 /* PlatoIOS.app */ = {isa = PBXFileReference; explicitFileType = wrapper.application; includeInIndex = 0; path = PlatoIOS.app; sourceTree = BUILT_PRODUCTS_DIR; };
		52E715EC293482A500B856E0 /* PlatoIOSApp.swift */ = {isa = PBXFileReference; lastKnownFileType = sourcecode.swift; path = PlatoIOSApp.swift; sourceTree = "<group>"; };
		52E715EE293482A500B856E0 /* ContentView.swift */ = {isa = PBXFileReference; lastKnownFileType = sourcecode.swift; path = ContentView.swift; sourceTree = "<group>"; };
		52E715F0293482A700B856E0 /* Assets.xcassets */ = {isa = PBXFileReference; lastKnownFileType = folder.assetcatalog; path = Assets.xcassets; sourceTree = "<group>"; };
		52E715F3293482A700B856E0 /* Preview Assets.xcassets */ = {isa = PBXFileReference; lastKnownFileType = folder.assetcatalog; path = "Preview Assets.xcassets"; sourceTree = "<group>"; };
		52E715FB2934833C00B856E0 /* Poppins-Regular.ttf */ = {isa = PBXFileReference; lastKnownFileType = file; path = "Poppins-Regular.ttf"; sourceTree = "<group>"; };
		52E715FC2934833C00B856E0 /* Poppins-Bold.ttf */ = {isa = PBXFileReference; lastKnownFileType = file; path = "Poppins-Bold.ttf"; sourceTree = "<group>"; };
		52E715FD2934833C00B856E0 /* Poppins-Medium.ttf */ = {isa = PBXFileReference; lastKnownFileType = file; path = "Poppins-Medium.ttf"; sourceTree = "<group>"; };
		52E715FE2934833C00B856E0 /* Poppins-SemiBold.ttf */ = {isa = PBXFileReference; lastKnownFileType = file; path = "Poppins-SemiBold.ttf"; sourceTree = "<group>"; };
		52E71603293483D000B856E0 /* Info.plist */ = {isa = PBXFileReference; lastKnownFileType = text.plist.xml; path = Info.plist; sourceTree = "<group>"; };
		52E716052934845300B856E0 /* Constants.swift */ = {isa = PBXFileReference; lastKnownFileType = sourcecode.swift; path = Constants.swift; sourceTree = "<group>"; };
		52E716072934863100B856E0 /* Monoton-Regular.ttf */ = {isa = PBXFileReference; lastKnownFileType = file; path = "Monoton-Regular.ttf"; sourceTree = "<group>"; };
		52E7160C293487A400B856E0 /* Colors.swift */ = {isa = PBXFileReference; lastKnownFileType = sourcecode.swift; path = Colors.swift; sourceTree = "<group>"; };
		52E716102934891700B856E0 /* IntroductoryPage.swift */ = {isa = PBXFileReference; lastKnownFileType = sourcecode.swift; path = IntroductoryPage.swift; sourceTree = "<group>"; };
		52E71615293491FD00B856E0 /* ModelForIntroductoryPage.swift */ = {isa = PBXFileReference; lastKnownFileType = sourcecode.swift; path = ModelForIntroductoryPage.swift; sourceTree = "<group>"; };
		52E7161F2934979F00B856E0 /* EnterPhoneNumberPage.swift */ = {isa = PBXFileReference; lastKnownFileType = sourcecode.swift; path = EnterPhoneNumberPage.swift; sourceTree = "<group>"; };
		52E716242934ABE000B856E0 /* OTPVerificationPage.swift */ = {isa = PBXFileReference; lastKnownFileType = sourcecode.swift; path = OTPVerificationPage.swift; sourceTree = "<group>"; };
		52E7162A2934B48D00B856E0 /* AddCoverImagePage.swift */ = {isa = PBXFileReference; lastKnownFileType = sourcecode.swift; path = AddCoverImagePage.swift; sourceTree = "<group>"; };
		52FF749F2937188A001748E4 /* Extensions.swift */ = {isa = PBXFileReference; lastKnownFileType = sourcecode.swift; path = Extensions.swift; sourceTree = "<group>"; };
/* End PBXFileReference section */

/* Begin PBXFrameworksBuildPhase section */
		52E715E6293482A500B856E0 /* Frameworks */ = {
			isa = PBXFrameworksBuildPhase;
			buildActionMask = 2147483647;
			files = (
			);
			runOnlyForDeploymentPostprocessing = 0;
		};
/* End PBXFrameworksBuildPhase section */

/* Begin PBXGroup section */
		52155AC62935DDAB001FE70E /* SubView */ = {
			isa = PBXGroup;
			children = (
				52155AC72935DDB9001FE70E /* ChatView.swift */,
				52155AC9293601D8001FE70E /* ChatData.swift */,
			);
			path = SubView;
			sourceTree = "<group>";
		};
		522B65EB2935C50000AB8367 /* TabBar */ = {
			isa = PBXGroup;
			children = (
				522B65EC2935C51000AB8367 /* MainTabBar.swift */,
			);
			path = TabBar;
			sourceTree = "<group>";
		};
		522B65EE2935C6AB00AB8367 /* StatusPage */ = {
			isa = PBXGroup;
			children = (
				522B65F92935C98100AB8367 /* Model */,
				522B65F82935C97B00AB8367 /* View */,
				522B65F72935C97600AB8367 /* Controller */,
			);
			path = StatusPage;
			sourceTree = "<group>";
		};
		522B65EF2935C6D700AB8367 /* CallsPage */ = {
			isa = PBXGroup;
			children = (
				522B65F22935C6EA00AB8367 /* Model */,
				522B65F12935C6E600AB8367 /* View */,
				522B65F02935C6E100AB8367 /* Controller */,
			);
			path = CallsPage;
			sourceTree = "<group>";
		};
		522B65F02935C6E100AB8367 /* Controller */ = {
			isa = PBXGroup;
			children = (
			);
			path = Controller;
			sourceTree = "<group>";
		};
		522B65F12935C6E600AB8367 /* View */ = {
			isa = PBXGroup;
			children = (
				522B65F32935C6F500AB8367 /* CallsPage.swift */,
			);
			path = View;
			sourceTree = "<group>";
		};
		522B65F22935C6EA00AB8367 /* Model */ = {
			isa = PBXGroup;
			children = (
				527C5AF729363C9600C2DEA3 /* DataModelForCallsPage.swift */,
			);
			path = Model;
			sourceTree = "<group>";
		};
		522B65F72935C97600AB8367 /* Controller */ = {
			isa = PBXGroup;
			children = (
			);
			path = Controller;
			sourceTree = "<group>";
		};
		522B65F82935C97B00AB8367 /* View */ = {
			isa = PBXGroup;
			children = (
				522B65F52935C71300AB8367 /* StatusPage.swift */,
			);
			path = View;
			sourceTree = "<group>";
		};
		522B65F92935C98100AB8367 /* Model */ = {
			isa = PBXGroup;
			children = (
				522B65FA2935C99400AB8367 /* ModelForStatusPage.swift */,
			);
			path = Model;
			sourceTree = "<group>";
		};
		526FF2F32934C8E300A193BD /* MainPages */ = {
			isa = PBXGroup;
			children = (
				522B65EB2935C50000AB8367 /* TabBar */,
				522B65EE2935C6AB00AB8367 /* StatusPage */,
				526FF2F42934C8E900A193BD /* MessagesPage */,
				522B65EF2935C6D700AB8367 /* CallsPage */,
				526FF2FF2934D53900A193BD /* SettingPage */,
				526FF3092934DBB700A193BD /* ProfilePage */,
			);
			path = MainPages;
			sourceTree = "<group>";
		};
		526FF2F42934C8E900A193BD /* MessagesPage */ = {
			isa = PBXGroup;
			children = (
				52155AC62935DDAB001FE70E /* SubView */,
				526FF2FA2934CBFE00A193BD /* Model */,
				526FF2FC2934CC0B00A193BD /* View */,
				526FF2FB2934CC0500A193BD /* Controller */,
			);
			path = MessagesPage;
			sourceTree = "<group>";
		};
		526FF2FA2934CBFE00A193BD /* Model */ = {
			isa = PBXGroup;
			children = (
				526FF2FD2934CC3F00A193BD /* ModelForMessages.swift */,
			);
			path = Model;
			sourceTree = "<group>";
		};
		526FF2FB2934CC0500A193BD /* Controller */ = {
			isa = PBXGroup;
			children = (
			);
			path = Controller;
			sourceTree = "<group>";
		};
		526FF2FC2934CC0B00A193BD /* View */ = {
			isa = PBXGroup;
			children = (
				526FF2F52934C8F700A193BD /* MessagesPage.swift */,
				526FF2F82934CA0A00A193BD /* MessagesCell.swift */,
			);
			path = View;
			sourceTree = "<group>";
		};
		526FF2FF2934D53900A193BD /* SettingPage */ = {
			isa = PBXGroup;
			children = (
				526FF3022934D54C00A193BD /* Model */,
				526FF3012934D54600A193BD /* View */,
				526FF3002934D54100A193BD /* Controller */,
			);
			path = SettingPage;
			sourceTree = "<group>";
		};
		526FF3002934D54100A193BD /* Controller */ = {
			isa = PBXGroup;
			children = (
			);
			path = Controller;
			sourceTree = "<group>";
		};
		526FF3012934D54600A193BD /* View */ = {
			isa = PBXGroup;
			children = (
				526FF3032934D56000A193BD /* SettingsPage.swift */,
				526FF3052934D57000A193BD /* SettingPageRow.swift */,
			);
			path = View;
			sourceTree = "<group>";
		};
		526FF3022934D54C00A193BD /* Model */ = {
			isa = PBXGroup;
			children = (
				526FF3072934D5E200A193BD /* ModelForSettingsPage.swift */,
			);
			path = Model;
			sourceTree = "<group>";
		};
		526FF3092934DBB700A193BD /* ProfilePage */ = {
			isa = PBXGroup;
			children = (
				526FF30E2934E15A00A193BD /* Model */,
				526FF30D2934E15600A193BD /* View */,
				526FF30C2934E14A00A193BD /* Controller */,
			);
			path = ProfilePage;
			sourceTree = "<group>";
		};
		526FF30C2934E14A00A193BD /* Controller */ = {
			isa = PBXGroup;
			children = (
			);
			path = Controller;
			sourceTree = "<group>";
		};
		526FF30D2934E15600A193BD /* View */ = {
			isa = PBXGroup;
			children = (
				526FF30A2934DBC800A193BD /* ProfilePage.swift */,
			);
			path = View;
			sourceTree = "<group>";
		};
		526FF30E2934E15A00A193BD /* Model */ = {
			isa = PBXGroup;
			children = (
				522D7A492934E1A70059668A /* ModelForProfilePage.swift */,
			);
			path = Model;
			sourceTree = "<group>";
		};
		527C5AF3293639C100C2DEA3 /* CustomViews */ = {
			isa = PBXGroup;
			children = (
				527C5AF4293639CE00C2DEA3 /* TopBarView.swift */,
				527C5AF92936415F00C2DEA3 /* CustomHeaderView.swift */,
				52FF749F2937188A001748E4 /* Extensions.swift */,
			);
			path = CustomViews;
			sourceTree = "<group>";
		};
		52E715E0293482A500B856E0 = {
			isa = PBXGroup;
			children = (
				52E715EB293482A500B856E0 /* PlatoIOS */,
				52E715EA293482A500B856E0 /* Products */,
			);
			sourceTree = "<group>";
		};
		52E715EA293482A500B856E0 /* Products */ = {
			isa = PBXGroup;
			children = (
				52E715E9293482A500B856E0 /* PlatoIOS.app */,
			);
			name = Products;
			sourceTree = "<group>";
		};
		52E715EB293482A500B856E0 /* PlatoIOS */ = {
			isa = PBXGroup;
			children = (
				52E71603293483D000B856E0 /* Info.plist */,
				52E716092934874800B856E0 /* Additional */,
				52E7160A2934877200B856E0 /* Pages */,
				52E715F2293482A700B856E0 /* Preview Content */,
			);
			path = PlatoIOS;
			sourceTree = "<group>";
		};
		52E715F2293482A700B856E0 /* Preview Content */ = {
			isa = PBXGroup;
			children = (
				52E715F3293482A700B856E0 /* Preview Assets.xcassets */,
			);
			path = "Preview Content";
			sourceTree = "<group>";
		};
		52E715FA2934830C00B856E0 /* Fonts */ = {
			isa = PBXGroup;
			children = (
				52E716072934863100B856E0 /* Monoton-Regular.ttf */,
				52E715FC2934833C00B856E0 /* Poppins-Bold.ttf */,
				52E715FD2934833C00B856E0 /* Poppins-Medium.ttf */,
				52E715FB2934833C00B856E0 /* Poppins-Regular.ttf */,
				52E715FE2934833C00B856E0 /* Poppins-SemiBold.ttf */,
			);
			path = Fonts;
			sourceTree = "<group>";
		};
		52E716042934844000B856E0 /* Constants */ = {
			isa = PBXGroup;
			children = (
				52E716052934845300B856E0 /* Constants.swift */,
			);
			path = Constants;
			sourceTree = "<group>";
		};
		52E716092934874800B856E0 /* Additional */ = {
			isa = PBXGroup;
			children = (
				527C5AF3293639C100C2DEA3 /* CustomViews */,
				52E7160B2934878900B856E0 /* Colors */,
				52E715FA2934830C00B856E0 /* Fonts */,
				52E716042934844000B856E0 /* Constants */,
				52E715F0293482A700B856E0 /* Assets.xcassets */,
			);
			path = Additional;
			sourceTree = "<group>";
		};
		52E7160A2934877200B856E0 /* Pages */ = {
			isa = PBXGroup;
			children = (
				52E7160E293488E200B856E0 /* SplashPage */,
				52E7160F293488E900B856E0 /* IntroductoryPage */,
				52E716192934975F00B856E0 /* VerificationPages */,
				526FF2F32934C8E300A193BD /* MainPages */,
			);
			path = Pages;
			sourceTree = "<group>";
		};
		52E7160B2934878900B856E0 /* Colors */ = {
			isa = PBXGroup;
			children = (
				52E7160C293487A400B856E0 /* Colors.swift */,
			);
			path = Colors;
			sourceTree = "<group>";
		};
		52E7160E293488E200B856E0 /* SplashPage */ = {
			isa = PBXGroup;
			children = (
				52E715EC293482A500B856E0 /* PlatoIOSApp.swift */,
				52E715EE293482A500B856E0 /* ContentView.swift */,
			);
			path = SplashPage;
			sourceTree = "<group>";
		};
		52E7160F293488E900B856E0 /* IntroductoryPage */ = {
			isa = PBXGroup;
			children = (
				52E71614293491EC00B856E0 /* Model */,
				52E71613293491E500B856E0 /* View */,
				52E71612293491DB00B856E0 /* Controller */,
			);
			path = IntroductoryPage;
			sourceTree = "<group>";
		};
		52E71612293491DB00B856E0 /* Controller */ = {
			isa = PBXGroup;
			children = (
			);
			path = Controller;
			sourceTree = "<group>";
		};
		52E71613293491E500B856E0 /* View */ = {
			isa = PBXGroup;
			children = (
				52E716102934891700B856E0 /* IntroductoryPage.swift */,
			);
			name = View;
			sourceTree = "<group>";
		};
		52E71614293491EC00B856E0 /* Model */ = {
			isa = PBXGroup;
			children = (
				52E71615293491FD00B856E0 /* ModelForIntroductoryPage.swift */,
			);
			name = Model;
			sourceTree = "<group>";
		};
		52E716192934975F00B856E0 /* VerificationPages */ = {
			isa = PBXGroup;
			children = (
				52E7161A2934977100B856E0 /* EnterPhoneNumberPage */,
				52E7161B2934977900B856E0 /* EnterOTPPage */,
				52E716262934B45700B856E0 /* AddCoverImagePage */,
			);
			path = VerificationPages;
			sourceTree = "<group>";
		};
		52E7161A2934977100B856E0 /* EnterPhoneNumberPage */ = {
			isa = PBXGroup;
			children = (
				52E7161E2934979100B856E0 /* Model */,
				52E7161D2934978D00B856E0 /* View */,
				52E7161C2934978400B856E0 /* Controller */,
			);
			path = EnterPhoneNumberPage;
			sourceTree = "<group>";
		};
		52E7161B2934977900B856E0 /* EnterOTPPage */ = {
			isa = PBXGroup;
			children = (
				52E716232934ABC200B856E0 /* Model */,
				52E716222934ABBD00B856E0 /* View */,
				52E716212934ABB400B856E0 /* Controller */,
			);
			path = EnterOTPPage;
			sourceTree = "<group>";
		};
		52E7161C2934978400B856E0 /* Controller */ = {
			isa = PBXGroup;
			children = (
			);
			path = Controller;
			sourceTree = "<group>";
		};
		52E7161D2934978D00B856E0 /* View */ = {
			isa = PBXGroup;
			children = (
				52E7161F2934979F00B856E0 /* EnterPhoneNumberPage.swift */,
			);
			path = View;
			sourceTree = "<group>";
		};
		52E7161E2934979100B856E0 /* Model */ = {
			isa = PBXGroup;
			children = (
			);
			path = Model;
			sourceTree = "<group>";
		};
		52E716212934ABB400B856E0 /* Controller */ = {
			isa = PBXGroup;
			children = (
			);
			path = Controller;
			sourceTree = "<group>";
		};
		52E716222934ABBD00B856E0 /* View */ = {
			isa = PBXGroup;
			children = (
				52E716242934ABE000B856E0 /* OTPVerificationPage.swift */,
			);
			path = View;
			sourceTree = "<group>";
		};
		52E716232934ABC200B856E0 /* Model */ = {
			isa = PBXGroup;
			children = (
			);
			path = Model;
			sourceTree = "<group>";
		};
		52E716262934B45700B856E0 /* AddCoverImagePage */ = {
			isa = PBXGroup;
			children = (
				52E716292934B47E00B856E0 /* Model */,
				52E716282934B47B00B856E0 /* View */,
				52E716272934B47700B856E0 /* Controller */,
			);
			path = AddCoverImagePage;
			sourceTree = "<group>";
		};
		52E716272934B47700B856E0 /* Controller */ = {
			isa = PBXGroup;
			children = (
				52E7162A2934B48D00B856E0 /* AddCoverImagePage.swift */,
			);
			path = Controller;
			sourceTree = "<group>";
		};
		52E716282934B47B00B856E0 /* View */ = {
			isa = PBXGroup;
			children = (
			);
			path = View;
			sourceTree = "<group>";
		};
		52E716292934B47E00B856E0 /* Model */ = {
			isa = PBXGroup;
			children = (
			);
			path = Model;
			sourceTree = "<group>";
		};
/* End PBXGroup section */

/* Begin PBXNativeTarget section */
		52E715E8293482A500B856E0 /* PlatoIOS */ = {
			isa = PBXNativeTarget;
			buildConfigurationList = 52E715F7293482A700B856E0 /* Build configuration list for PBXNativeTarget "PlatoIOS" */;
			buildPhases = (
				52E715E5293482A500B856E0 /* Sources */,
				52E715E6293482A500B856E0 /* Frameworks */,
				52E715E7293482A500B856E0 /* Resources */,
			);
			buildRules = (
			);
			dependencies = (
			);
			name = PlatoIOS;
			productName = PlatoIOS;
			productReference = 52E715E9293482A500B856E0 /* PlatoIOS.app */;
			productType = "com.apple.product-type.application";
		};
/* End PBXNativeTarget section */

/* Begin PBXProject section */
		52E715E1293482A500B856E0 /* Project object */ = {
			isa = PBXProject;
			attributes = {
				BuildIndependentTargetsInParallel = 1;
				LastSwiftUpdateCheck = 1340;
				LastUpgradeCheck = 1340;
				TargetAttributes = {
					52E715E8293482A500B856E0 = {
						CreatedOnToolsVersion = 13.4.1;
					};
				};
			};
			buildConfigurationList = 52E715E4293482A500B856E0 /* Build configuration list for PBXProject "PlatoIOS" */;
			compatibilityVersion = "Xcode 13.0";
			developmentRegion = en;
			hasScannedForEncodings = 0;
			knownRegions = (
				en,
				Base,
			);
			mainGroup = 52E715E0293482A500B856E0;
			productRefGroup = 52E715EA293482A500B856E0 /* Products */;
			projectDirPath = "";
			projectRoot = "";
			targets = (
				52E715E8293482A500B856E0 /* PlatoIOS */,
			);
		};
/* End PBXProject section */

/* Begin PBXResourcesBuildPhase section */
		52E715E7293482A500B856E0 /* Resources */ = {
			isa = PBXResourcesBuildPhase;
			buildActionMask = 2147483647;
			files = (
				52E715FF2934833C00B856E0 /* Poppins-Regular.ttf in Resources */,
				52E716082934863100B856E0 /* Monoton-Regular.ttf in Resources */,
				52E715F4293482A700B856E0 /* Preview Assets.xcassets in Resources */,
				52E715F1293482A700B856E0 /* Assets.xcassets in Resources */,
				52E716022934833C00B856E0 /* Poppins-SemiBold.ttf in Resources */,
				52E716002934833C00B856E0 /* Poppins-Bold.ttf in Resources */,
				52E716012934833C00B856E0 /* Poppins-Medium.ttf in Resources */,
			);
			runOnlyForDeploymentPostprocessing = 0;
		};
/* End PBXResourcesBuildPhase section */

/* Begin PBXSourcesBuildPhase section */
		52E715E5293482A500B856E0 /* Sources */ = {
			isa = PBXSourcesBuildPhase;
			buildActionMask = 2147483647;
			files = (
				527C5AF5293639CE00C2DEA3 /* TopBarView.swift in Sources */,
				526FF2F62934C8F700A193BD /* MessagesPage.swift in Sources */,
				526FF30B2934DBC800A193BD /* ProfilePage.swift in Sources */,
				52155AC82935DDB9001FE70E /* ChatView.swift in Sources */,
				52155ACA293601D8001FE70E /* ChatData.swift in Sources */,
				522B65F42935C6F500AB8367 /* CallsPage.swift in Sources */,
				522B65ED2935C51000AB8367 /* MainTabBar.swift in Sources */,
				526FF3042934D56000A193BD /* SettingsPage.swift in Sources */,
				52E715EF293482A500B856E0 /* ContentView.swift in Sources */,
				527C5AFA2936415F00C2DEA3 /* CustomHeaderView.swift in Sources */,
				52E716112934891700B856E0 /* IntroductoryPage.swift in Sources */,
				526FF3062934D57000A193BD /* SettingPageRow.swift in Sources */,
				52E71616293491FD00B856E0 /* ModelForIntroductoryPage.swift in Sources */,
				526FF2F92934CA0A00A193BD /* MessagesCell.swift in Sources */,
				522D7A4A2934E1A70059668A /* ModelForProfilePage.swift in Sources */,
				522B65FB2935C99400AB8367 /* ModelForStatusPage.swift in Sources */,
				522B65F62935C71300AB8367 /* StatusPage.swift in Sources */,
				52E7162B2934B48D00B856E0 /* AddCoverImagePage.swift in Sources */,
				52E7160D293487A400B856E0 /* Colors.swift in Sources */,
				52E716202934979F00B856E0 /* EnterPhoneNumberPage.swift in Sources */,
				52E715ED293482A500B856E0 /* PlatoIOSApp.swift in Sources */,
				526FF2FE2934CC3F00A193BD /* ModelForMessages.swift in Sources */,
				527C5AF829363C9600C2DEA3 /* DataModelForCallsPage.swift in Sources */,
				52E716062934845300B856E0 /* Constants.swift in Sources */,
				526FF3082934D5E200A193BD /* ModelForSettingsPage.swift in Sources */,
				52E716252934ABE000B856E0 /* OTPVerificationPage.swift in Sources */,
				52FF74A02937188A001748E4 /* Extensions.swift in Sources */,
			);
			runOnlyForDeploymentPostprocessing = 0;
		};
/* End PBXSourcesBuildPhase section */

/* Begin XCBuildConfiguration section */
		52E715F5293482A700B856E0 /* Debug */ = {
			isa = XCBuildConfiguration;
			buildSettings = {
				ALWAYS_SEARCH_USER_PATHS = NO;
				CLANG_ANALYZER_NONNULL = YES;
				CLANG_ANALYZER_NUMBER_OBJECT_CONVERSION = YES_AGGRESSIVE;
				CLANG_CXX_LANGUAGE_STANDARD = "gnu++17";
				CLANG_ENABLE_MODULES = YES;
				CLANG_ENABLE_OBJC_ARC = YES;
				CLANG_ENABLE_OBJC_WEAK = YES;
				CLANG_WARN_BLOCK_CAPTURE_AUTORELEASING = YES;
				CLANG_WARN_BOOL_CONVERSION = YES;
				CLANG_WARN_COMMA = YES;
				CLANG_WARN_CONSTANT_CONVERSION = YES;
				CLANG_WARN_DEPRECATED_OBJC_IMPLEMENTATIONS = YES;
				CLANG_WARN_DIRECT_OBJC_ISA_USAGE = YES_ERROR;
				CLANG_WARN_DOCUMENTATION_COMMENTS = YES;
				CLANG_WARN_EMPTY_BODY = YES;
				CLANG_WARN_ENUM_CONVERSION = YES;
				CLANG_WARN_INFINITE_RECURSION = YES;
				CLANG_WARN_INT_CONVERSION = YES;
				CLANG_WARN_NON_LITERAL_NULL_CONVERSION = YES;
				CLANG_WARN_OBJC_IMPLICIT_RETAIN_SELF = YES;
				CLANG_WARN_OBJC_LITERAL_CONVERSION = YES;
				CLANG_WARN_OBJC_ROOT_CLASS = YES_ERROR;
				CLANG_WARN_QUOTED_INCLUDE_IN_FRAMEWORK_HEADER = YES;
				CLANG_WARN_RANGE_LOOP_ANALYSIS = YES;
				CLANG_WARN_STRICT_PROTOTYPES = YES;
				CLANG_WARN_SUSPICIOUS_MOVE = YES;
				CLANG_WARN_UNGUARDED_AVAILABILITY = YES_AGGRESSIVE;
				CLANG_WARN_UNREACHABLE_CODE = YES;
				CLANG_WARN__DUPLICATE_METHOD_MATCH = YES;
				COPY_PHASE_STRIP = NO;
				DEBUG_INFORMATION_FORMAT = dwarf;
				ENABLE_STRICT_OBJC_MSGSEND = YES;
				ENABLE_TESTABILITY = YES;
				GCC_C_LANGUAGE_STANDARD = gnu11;
				GCC_DYNAMIC_NO_PIC = NO;
				GCC_NO_COMMON_BLOCKS = YES;
				GCC_OPTIMIZATION_LEVEL = 0;
				GCC_PREPROCESSOR_DEFINITIONS = (
					"DEBUG=1",
					"$(inherited)",
				);
				GCC_WARN_64_TO_32_BIT_CONVERSION = YES;
				GCC_WARN_ABOUT_RETURN_TYPE = YES_ERROR;
				GCC_WARN_UNDECLARED_SELECTOR = YES;
				GCC_WARN_UNINITIALIZED_AUTOS = YES_AGGRESSIVE;
				GCC_WARN_UNUSED_FUNCTION = YES;
				GCC_WARN_UNUSED_VARIABLE = YES;
				IPHONEOS_DEPLOYMENT_TARGET = 15.5;
				MTL_ENABLE_DEBUG_INFO = INCLUDE_SOURCE;
				MTL_FAST_MATH = YES;
				ONLY_ACTIVE_ARCH = YES;
				SDKROOT = iphoneos;
				SWIFT_ACTIVE_COMPILATION_CONDITIONS = DEBUG;
				SWIFT_OPTIMIZATION_LEVEL = "-Onone";
			};
			name = Debug;
		};
		52E715F6293482A700B856E0 /* Release */ = {
			isa = XCBuildConfiguration;
			buildSettings = {
				ALWAYS_SEARCH_USER_PATHS = NO;
				CLANG_ANALYZER_NONNULL = YES;
				CLANG_ANALYZER_NUMBER_OBJECT_CONVERSION = YES_AGGRESSIVE;
				CLANG_CXX_LANGUAGE_STANDARD = "gnu++17";
				CLANG_ENABLE_MODULES = YES;
				CLANG_ENABLE_OBJC_ARC = YES;
				CLANG_ENABLE_OBJC_WEAK = YES;
				CLANG_WARN_BLOCK_CAPTURE_AUTORELEASING = YES;
				CLANG_WARN_BOOL_CONVERSION = YES;
				CLANG_WARN_COMMA = YES;
				CLANG_WARN_CONSTANT_CONVERSION = YES;
				CLANG_WARN_DEPRECATED_OBJC_IMPLEMENTATIONS = YES;
				CLANG_WARN_DIRECT_OBJC_ISA_USAGE = YES_ERROR;
				CLANG_WARN_DOCUMENTATION_COMMENTS = YES;
				CLANG_WARN_EMPTY_BODY = YES;
				CLANG_WARN_ENUM_CONVERSION = YES;
				CLANG_WARN_INFINITE_RECURSION = YES;
				CLANG_WARN_INT_CONVERSION = YES;
				CLANG_WARN_NON_LITERAL_NULL_CONVERSION = YES;
				CLANG_WARN_OBJC_IMPLICIT_RETAIN_SELF = YES;
				CLANG_WARN_OBJC_LITERAL_CONVERSION = YES;
				CLANG_WARN_OBJC_ROOT_CLASS = YES_ERROR;
				CLANG_WARN_QUOTED_INCLUDE_IN_FRAMEWORK_HEADER = YES;
				CLANG_WARN_RANGE_LOOP_ANALYSIS = YES;
				CLANG_WARN_STRICT_PROTOTYPES = YES;
				CLANG_WARN_SUSPICIOUS_MOVE = YES;
				CLANG_WARN_UNGUARDED_AVAILABILITY = YES_AGGRESSIVE;
				CLANG_WARN_UNREACHABLE_CODE = YES;
				CLANG_WARN__DUPLICATE_METHOD_MATCH = YES;
				COPY_PHASE_STRIP = NO;
				DEBUG_INFORMATION_FORMAT = "dwarf-with-dsym";
				ENABLE_NS_ASSERTIONS = NO;
				ENABLE_STRICT_OBJC_MSGSEND = YES;
				GCC_C_LANGUAGE_STANDARD = gnu11;
				GCC_NO_COMMON_BLOCKS = YES;
				GCC_WARN_64_TO_32_BIT_CONVERSION = YES;
				GCC_WARN_ABOUT_RETURN_TYPE = YES_ERROR;
				GCC_WARN_UNDECLARED_SELECTOR = YES;
				GCC_WARN_UNINITIALIZED_AUTOS = YES_AGGRESSIVE;
				GCC_WARN_UNUSED_FUNCTION = YES;
				GCC_WARN_UNUSED_VARIABLE = YES;
				IPHONEOS_DEPLOYMENT_TARGET = 15.5;
				MTL_ENABLE_DEBUG_INFO = NO;
				MTL_FAST_MATH = YES;
				SDKROOT = iphoneos;
				SWIFT_COMPILATION_MODE = wholemodule;
				SWIFT_OPTIMIZATION_LEVEL = "-O";
				VALIDATE_PRODUCT = YES;
			};
			name = Release;
		};
		52E715F8293482A700B856E0 /* Debug */ = {
			isa = XCBuildConfiguration;
			buildSettings = {
				ASSETCATALOG_COMPILER_APPICON_NAME = AppIcon;
				ASSETCATALOG_COMPILER_GLOBAL_ACCENT_COLOR_NAME = AccentColor;
				CODE_SIGN_STYLE = Automatic;
				CURRENT_PROJECT_VERSION = 1;
				DEVELOPMENT_ASSET_PATHS = "\"PlatoIOS/Preview Content\"";
				DEVELOPMENT_TEAM = KFSUX4TS86;
				ENABLE_PREVIEWS = YES;
				GENERATE_INFOPLIST_FILE = YES;
				INFOPLIST_FILE = PlatoIOS/Info.plist;
				INFOPLIST_KEY_UIApplicationSceneManifest_Generation = YES;
				INFOPLIST_KEY_UIApplicationSupportsIndirectInputEvents = YES;
				INFOPLIST_KEY_UILaunchScreen_Generation = YES;
				INFOPLIST_KEY_UISupportedInterfaceOrientations_iPad = "UIInterfaceOrientationPortrait UIInterfaceOrientationPortraitUpsideDown UIInterfaceOrientationLandscapeLeft UIInterfaceOrientationLandscapeRight";
				INFOPLIST_KEY_UISupportedInterfaceOrientations_iPhone = "UIInterfaceOrientationPortrait UIInterfaceOrientationLandscapeLeft UIInterfaceOrientationLandscapeRight";
				LD_RUNPATH_SEARCH_PATHS = (
					"$(inherited)",
					"@executable_path/Frameworks",
				);
				MARKETING_VERSION = 1.0;
				PRODUCT_BUNDLE_IDENTIFIER = Apptix.PlatoIOS;
				PRODUCT_NAME = "$(TARGET_NAME)";
				SWIFT_EMIT_LOC_STRINGS = YES;
				SWIFT_VERSION = 5.0;
				TARGETED_DEVICE_FAMILY = "1,2";
			};
			name = Debug;
		};
		52E715F9293482A700B856E0 /* Release */ = {
			isa = XCBuildConfiguration;
			buildSettings = {
				ASSETCATALOG_COMPILER_APPICON_NAME = AppIcon;
				ASSETCATALOG_COMPILER_GLOBAL_ACCENT_COLOR_NAME = AccentColor;
				CODE_SIGN_STYLE = Automatic;
				CURRENT_PROJECT_VERSION = 1;
				DEVELOPMENT_ASSET_PATHS = "\"PlatoIOS/Preview Content\"";
				DEVELOPMENT_TEAM = KFSUX4TS86;
				ENABLE_PREVIEWS = YES;
				GENERATE_INFOPLIST_FILE = YES;
				INFOPLIST_FILE = PlatoIOS/Info.plist;
				INFOPLIST_KEY_UIApplicationSceneManifest_Generation = YES;
				INFOPLIST_KEY_UIApplicationSupportsIndirectInputEvents = YES;
				INFOPLIST_KEY_UILaunchScreen_Generation = YES;
				INFOPLIST_KEY_UISupportedInterfaceOrientations_iPad = "UIInterfaceOrientationPortrait UIInterfaceOrientationPortraitUpsideDown UIInterfaceOrientationLandscapeLeft UIInterfaceOrientationLandscapeRight";
				INFOPLIST_KEY_UISupportedInterfaceOrientations_iPhone = "UIInterfaceOrientationPortrait UIInterfaceOrientationLandscapeLeft UIInterfaceOrientationLandscapeRight";
				LD_RUNPATH_SEARCH_PATHS = (
					"$(inherited)",
					"@executable_path/Frameworks",
				);
				MARKETING_VERSION = 1.0;
				PRODUCT_BUNDLE_IDENTIFIER = Apptix.PlatoIOS;
				PRODUCT_NAME = "$(TARGET_NAME)";
				SWIFT_EMIT_LOC_STRINGS = YES;
				SWIFT_VERSION = 5.0;
				TARGETED_DEVICE_FAMILY = "1,2";
			};
			name = Release;
		};
/* End XCBuildConfiguration section */

/* Begin XCConfigurationList section */
		52E715E4293482A500B856E0 /* Build configuration list for PBXProject "PlatoIOS" */ = {
			isa = XCConfigurationList;
			buildConfigurations = (
				52E715F5293482A700B856E0 /* Debug */,
				52E715F6293482A700B856E0 /* Release */,
			);
			defaultConfigurationIsVisible = 0;
			defaultConfigurationName = Release;
		};
		52E715F7293482A700B856E0 /* Build configuration list for PBXNativeTarget "PlatoIOS" */ = {
			isa = XCConfigurationList;
			buildConfigurations = (
				52E715F8293482A700B856E0 /* Debug */,
				52E715F9293482A700B856E0 /* Release */,
			);
			defaultConfigurationIsVisible = 0;
			defaultConfigurationName = Release;
		};
/* End XCConfigurationList section */
	};
	rootObject = 52E715E1293482A500B856E0 /* Project object */;
}
